// !$*UTF8*$!
{
	archiveVersion = 1;
	classes = {
	};
	objectVersion = 56;
	objects = {

/* Begin PBXBuildFile section */
		E16AC2572A1A115B0072C736 /* CenteredCollectionViewFlowLayout.swift in Sources */ = {isa = PBXBuildFile; fileRef = E16AC2562A1A115B0072C736 /* CenteredCollectionViewFlowLayout.swift */; };
		E16AC2592A1A1B240072C736 /* Reviews.swift in Sources */ = {isa = PBXBuildFile; fileRef = E16AC2582A1A1B240072C736 /* Reviews.swift */; };
		E16AC25E2A1A38A20072C736 /* ReusableItemDetailImageViewController.swift in Sources */ = {isa = PBXBuildFile; fileRef = E16AC25C2A1A38A20072C736 /* ReusableItemDetailImageViewController.swift */; };
		E16AC25F2A1A38A20072C736 /* ReusableItemDetailImageViewController.xib in Resources */ = {isa = PBXBuildFile; fileRef = E16AC25D2A1A38A20072C736 /* ReusableItemDetailImageViewController.xib */; };
		E1A249E32A18A450001C2745 /* AppDelegate.swift in Sources */ = {isa = PBXBuildFile; fileRef = E1A249E22A18A450001C2745 /* AppDelegate.swift */; };
		E1A249E52A18A450001C2745 /* SceneDelegate.swift in Sources */ = {isa = PBXBuildFile; fileRef = E1A249E42A18A450001C2745 /* SceneDelegate.swift */; };
		E1A249ED2A18A450001C2745 /* BusinessEnamDua.xcdatamodeld in Sources */ = {isa = PBXBuildFile; fileRef = E1A249EB2A18A450001C2745 /* BusinessEnamDua.xcdatamodeld */; };
		E1A249EF2A18A454001C2745 /* Assets.xcassets in Resources */ = {isa = PBXBuildFile; fileRef = E1A249EE2A18A454001C2745 /* Assets.xcassets */; };
		E1A249F22A18A454001C2745 /* LaunchScreen.storyboard in Resources */ = {isa = PBXBuildFile; fileRef = E1A249F02A18A454001C2745 /* LaunchScreen.storyboard */; };
		E1A249FD2A18A455001C2745 /* BusinessEnamDuaTests.swift in Sources */ = {isa = PBXBuildFile; fileRef = E1A249FC2A18A455001C2745 /* BusinessEnamDuaTests.swift */; };
		E1A24A072A18A455001C2745 /* BusinessEnamDuaUITests.swift in Sources */ = {isa = PBXBuildFile; fileRef = E1A24A062A18A455001C2745 /* BusinessEnamDuaUITests.swift */; };
		E1A24A092A18A455001C2745 /* BusinessEnamDuaUITestsLaunchTests.swift in Sources */ = {isa = PBXBuildFile; fileRef = E1A24A082A18A455001C2745 /* BusinessEnamDuaUITestsLaunchTests.swift */; };
		E1AF28762A18C5DD00D03370 /* ListBusinessViewController.swift in Sources */ = {isa = PBXBuildFile; fileRef = E1AF28742A18C5DD00D03370 /* ListBusinessViewController.swift */; };
		E1AF28772A18C5DD00D03370 /* ListBusinessViewController.xib in Resources */ = {isa = PBXBuildFile; fileRef = E1AF28752A18C5DD00D03370 /* ListBusinessViewController.xib */; };
		E1AF287B2A18E03000D03370 /* AppColor+Ext.swift in Sources */ = {isa = PBXBuildFile; fileRef = E1AF287A2A18E03000D03370 /* AppColor+Ext.swift */; };
		E1AF28832A18E8C800D03370 /* UIView+Ext.swift in Sources */ = {isa = PBXBuildFile; fileRef = E1AF28822A18E8C800D03370 /* UIView+Ext.swift */; };
		E1AF288D2A18ED6000D03370 /* BaseViewModel.swift in Sources */ = {isa = PBXBuildFile; fileRef = E1AF288C2A18ED6000D03370 /* BaseViewModel.swift */; };
		E1AF28902A18ED7E00D03370 /* Alamofire in Frameworks */ = {isa = PBXBuildFile; productRef = E1AF288F2A18ED7E00D03370 /* Alamofire */; };
		E1AF28932A18ED8F00D03370 /* Kingfisher in Frameworks */ = {isa = PBXBuildFile; productRef = E1AF28922A18ED8F00D03370 /* Kingfisher */; };
		E1AF28962A18EDA600D03370 /* RxCocoa in Frameworks */ = {isa = PBXBuildFile; productRef = E1AF28952A18EDA600D03370 /* RxCocoa */; };
		E1AF28982A18EDA600D03370 /* RxSwift in Frameworks */ = {isa = PBXBuildFile; productRef = E1AF28972A18EDA600D03370 /* RxSwift */; };
		E1AF289B2A18EDBE00D03370 /* netfox in Frameworks */ = {isa = PBXBuildFile; productRef = E1AF289A2A18EDBE00D03370 /* netfox */; };
		E1AF289F2A18EE1900D03370 /* Constants.swift in Sources */ = {isa = PBXBuildFile; fileRef = E1AF289E2A18EE1900D03370 /* Constants.swift */; };
		E1AF28A12A18EE4D00D03370 /* APIManager.swift in Sources */ = {isa = PBXBuildFile; fileRef = E1AF28A02A18EE4D00D03370 /* APIManager.swift */; };
		E1AF28A42A18EEA600D03370 /* RemoteDataSource.swift in Sources */ = {isa = PBXBuildFile; fileRef = E1AF28A32A18EEA600D03370 /* RemoteDataSource.swift */; };
		E1AF28A62A18EF1300D03370 /* Business.swift in Sources */ = {isa = PBXBuildFile; fileRef = E1AF28A52A18EF1300D03370 /* Business.swift */; };
		E1AF28A82A18F05500D03370 /* Repository.swift in Sources */ = {isa = PBXBuildFile; fileRef = E1AF28A72A18F05500D03370 /* Repository.swift */; };
		E1AF28AA2A18F0A700D03370 /* ListBusinessUseCase.swift in Sources */ = {isa = PBXBuildFile; fileRef = E1AF28A92A18F0A700D03370 /* ListBusinessUseCase.swift */; };
		E1AF28AC2A18F10500D03370 /* Injection.swift in Sources */ = {isa = PBXBuildFile; fileRef = E1AF28AB2A18F10500D03370 /* Injection.swift */; };
		E1AF28AF2A18F17700D03370 /* ListBusinessViewModel.swift in Sources */ = {isa = PBXBuildFile; fileRef = E1AF28AE2A18F17700D03370 /* ListBusinessViewModel.swift */; };
		E1AF28B12A18F45800D03370 /* Collection+Ext.swift in Sources */ = {isa = PBXBuildFile; fileRef = E1AF28B02A18F45800D03370 /* Collection+Ext.swift */; };
		E1AF28B32A18F5E900D03370 /* UIImageView+Ext.swift in Sources */ = {isa = PBXBuildFile; fileRef = E1AF28B22A18F5E900D03370 /* UIImageView+Ext.swift */; };
		E1AF28B52A18F78B00D03370 /* UIViewController.swift in Sources */ = {isa = PBXBuildFile; fileRef = E1AF28B42A18F78B00D03370 /* UIViewController.swift */; };
		E1AF28B82A18F79E00D03370 /* Toast.swift in Sources */ = {isa = PBXBuildFile; fileRef = E1AF28B72A18F79E00D03370 /* Toast.swift */; };
		E1AF28BA2A18F7B000D03370 /* TTGSnackbar.swift in Sources */ = {isa = PBXBuildFile; fileRef = E1AF28B92A18F7B000D03370 /* TTGSnackbar.swift */; };
		E1AF28BD2A19190E00D03370 /* UITableView+Ext.swift in Sources */ = {isa = PBXBuildFile; fileRef = E1AF28BC2A19190E00D03370 /* UITableView+Ext.swift */; };
		E1AF28BF2A19198700D03370 /* UITextField+Ext.swift in Sources */ = {isa = PBXBuildFile; fileRef = E1AF28BE2A19198700D03370 /* UITextField+Ext.swift */; };
		E1AF28C32A1923E800D03370 /* SearchBusinessViewController.swift in Sources */ = {isa = PBXBuildFile; fileRef = E1AF28C12A1923E800D03370 /* SearchBusinessViewController.swift */; };
		E1AF28C42A1923E800D03370 /* SearchBusinessViewController.xib in Resources */ = {isa = PBXBuildFile; fileRef = E1AF28C22A1923E800D03370 /* SearchBusinessViewController.xib */; };
		E1AF28C72A19257000D03370 /* BusinessTableViewCell.swift in Sources */ = {isa = PBXBuildFile; fileRef = E1AF28C52A19257000D03370 /* BusinessTableViewCell.swift */; };
		E1AF28C82A19257000D03370 /* BusinessTableViewCell.xib in Resources */ = {isa = PBXBuildFile; fileRef = E1AF28C62A19257000D03370 /* BusinessTableViewCell.xib */; };
		E1AF28CB2A1926C200D03370 /* SearchBusinessViewModel.swift in Sources */ = {isa = PBXBuildFile; fileRef = E1AF28CA2A1926C200D03370 /* SearchBusinessViewModel.swift */; };
		E1AF28CD2A19270C00D03370 /* SearchBusinessUseCase.swift in Sources */ = {isa = PBXBuildFile; fileRef = E1AF28CC2A19270C00D03370 /* SearchBusinessUseCase.swift */; };
		E1D2D7F02A1A675F009DE5A0 /* SortListBusinessCollectionViewCell.swift in Sources */ = {isa = PBXBuildFile; fileRef = E1D2D7EE2A1A675F009DE5A0 /* SortListBusinessCollectionViewCell.swift */; };
		E1D2D7F12A1A675F009DE5A0 /* SortListBusinessCollectionViewCell.xib in Resources */ = {isa = PBXBuildFile; fileRef = E1D2D7EF2A1A675F009DE5A0 /* SortListBusinessCollectionViewCell.xib */; };
		E1E91DF32A193B1600240B3E /* DetailBusinessViewController.swift in Sources */ = {isa = PBXBuildFile; fileRef = E1E91DF12A193B1600240B3E /* DetailBusinessViewController.swift */; };
		E1E91DF42A193B1600240B3E /* DetailBusinessViewController.xib in Resources */ = {isa = PBXBuildFile; fileRef = E1E91DF22A193B1600240B3E /* DetailBusinessViewController.xib */; };
		E1E91DF82A193FAD00240B3E /* PhotoCollectionViewCell.swift in Sources */ = {isa = PBXBuildFile; fileRef = E1E91DF62A193FAD00240B3E /* PhotoCollectionViewCell.swift */; };
		E1E91DF92A193FAD00240B3E /* PhotoCollectionViewCell.xib in Resources */ = {isa = PBXBuildFile; fileRef = E1E91DF72A193FAD00240B3E /* PhotoCollectionViewCell.xib */; };
		E1E91DFC2A193FE200240B3E /* ReviewCollectionViewCell.swift in Sources */ = {isa = PBXBuildFile; fileRef = E1E91DFA2A193FE200240B3E /* ReviewCollectionViewCell.swift */; };
		E1E91DFD2A193FE200240B3E /* ReviewCollectionViewCell.xib in Resources */ = {isa = PBXBuildFile; fileRef = E1E91DFB2A193FE200240B3E /* ReviewCollectionViewCell.xib */; };
		E1E91DFF2A19428900240B3E /* DetailBusinessUseCase.swift in Sources */ = {isa = PBXBuildFile; fileRef = E1E91DFE2A19428900240B3E /* DetailBusinessUseCase.swift */; };
		E1E91E022A19430700240B3E /* DetailBusinessViewModel.swift in Sources */ = {isa = PBXBuildFile; fileRef = E1E91E012A19430700240B3E /* DetailBusinessViewModel.swift */; };
/* End PBXBuildFile section */

/* Begin PBXContainerItemProxy section */
		E1A249F92A18A455001C2745 /* PBXContainerItemProxy */ = {
			isa = PBXContainerItemProxy;
			containerPortal = E1A249D72A18A450001C2745 /* Project object */;
			proxyType = 1;
			remoteGlobalIDString = E1A249DE2A18A450001C2745;
			remoteInfo = BusinessEnamDua;
		};
		E1A24A032A18A455001C2745 /* PBXContainerItemProxy */ = {
			isa = PBXContainerItemProxy;
			containerPortal = E1A249D72A18A450001C2745 /* Project object */;
			proxyType = 1;
			remoteGlobalIDString = E1A249DE2A18A450001C2745;
			remoteInfo = BusinessEnamDua;
		};
/* End PBXContainerItemProxy section */

/* Begin PBXFileReference section */
		E16AC2562A1A115B0072C736 /* CenteredCollectionViewFlowLayout.swift */ = {isa = PBXFileReference; fileEncoding = 4; lastKnownFileType = sourcecode.swift; path = CenteredCollectionViewFlowLayout.swift; sourceTree = "<group>"; };
		E16AC2582A1A1B240072C736 /* Reviews.swift */ = {isa = PBXFileReference; lastKnownFileType = sourcecode.swift; path = Reviews.swift; sourceTree = "<group>"; };
		E16AC25C2A1A38A20072C736 /* ReusableItemDetailImageViewController.swift */ = {isa = PBXFileReference; lastKnownFileType = sourcecode.swift; path = ReusableItemDetailImageViewController.swift; sourceTree = "<group>"; };
		E16AC25D2A1A38A20072C736 /* ReusableItemDetailImageViewController.xib */ = {isa = PBXFileReference; lastKnownFileType = file.xib; path = ReusableItemDetailImageViewController.xib; sourceTree = "<group>"; };
		E1A249DF2A18A450001C2745 /* BusinessEnamDua.app */ = {isa = PBXFileReference; explicitFileType = wrapper.application; includeInIndex = 0; path = BusinessEnamDua.app; sourceTree = BUILT_PRODUCTS_DIR; };
		E1A249E22A18A450001C2745 /* AppDelegate.swift */ = {isa = PBXFileReference; lastKnownFileType = sourcecode.swift; path = AppDelegate.swift; sourceTree = "<group>"; };
		E1A249E42A18A450001C2745 /* SceneDelegate.swift */ = {isa = PBXFileReference; lastKnownFileType = sourcecode.swift; path = SceneDelegate.swift; sourceTree = "<group>"; };
		E1A249EC2A18A450001C2745 /* BusinessEnamDua.xcdatamodel */ = {isa = PBXFileReference; lastKnownFileType = wrapper.xcdatamodel; path = BusinessEnamDua.xcdatamodel; sourceTree = "<group>"; };
		E1A249EE2A18A454001C2745 /* Assets.xcassets */ = {isa = PBXFileReference; lastKnownFileType = folder.assetcatalog; path = Assets.xcassets; sourceTree = "<group>"; };
		E1A249F12A18A454001C2745 /* Base */ = {isa = PBXFileReference; lastKnownFileType = file.storyboard; name = Base; path = Base.lproj/LaunchScreen.storyboard; sourceTree = "<group>"; };
		E1A249F32A18A454001C2745 /* Info.plist */ = {isa = PBXFileReference; lastKnownFileType = text.plist.xml; path = Info.plist; sourceTree = "<group>"; };
		E1A249F82A18A455001C2745 /* BusinessEnamDuaTests.xctest */ = {isa = PBXFileReference; explicitFileType = wrapper.cfbundle; includeInIndex = 0; path = BusinessEnamDuaTests.xctest; sourceTree = BUILT_PRODUCTS_DIR; };
		E1A249FC2A18A455001C2745 /* BusinessEnamDuaTests.swift */ = {isa = PBXFileReference; lastKnownFileType = sourcecode.swift; path = BusinessEnamDuaTests.swift; sourceTree = "<group>"; };
		E1A24A022A18A455001C2745 /* BusinessEnamDuaUITests.xctest */ = {isa = PBXFileReference; explicitFileType = wrapper.cfbundle; includeInIndex = 0; path = BusinessEnamDuaUITests.xctest; sourceTree = BUILT_PRODUCTS_DIR; };
		E1A24A062A18A455001C2745 /* BusinessEnamDuaUITests.swift */ = {isa = PBXFileReference; lastKnownFileType = sourcecode.swift; path = BusinessEnamDuaUITests.swift; sourceTree = "<group>"; };
		E1A24A082A18A455001C2745 /* BusinessEnamDuaUITestsLaunchTests.swift */ = {isa = PBXFileReference; lastKnownFileType = sourcecode.swift; path = BusinessEnamDuaUITestsLaunchTests.swift; sourceTree = "<group>"; };
		E1AF28742A18C5DD00D03370 /* ListBusinessViewController.swift */ = {isa = PBXFileReference; lastKnownFileType = sourcecode.swift; path = ListBusinessViewController.swift; sourceTree = "<group>"; };
		E1AF28752A18C5DD00D03370 /* ListBusinessViewController.xib */ = {isa = PBXFileReference; lastKnownFileType = file.xib; path = ListBusinessViewController.xib; sourceTree = "<group>"; };
		E1AF287A2A18E03000D03370 /* AppColor+Ext.swift */ = {isa = PBXFileReference; lastKnownFileType = sourcecode.swift; path = "AppColor+Ext.swift"; sourceTree = "<group>"; };
		E1AF28822A18E8C800D03370 /* UIView+Ext.swift */ = {isa = PBXFileReference; lastKnownFileType = sourcecode.swift; path = "UIView+Ext.swift"; sourceTree = "<group>"; };
		E1AF288C2A18ED6000D03370 /* BaseViewModel.swift */ = {isa = PBXFileReference; lastKnownFileType = sourcecode.swift; path = BaseViewModel.swift; sourceTree = "<group>"; };
		E1AF289E2A18EE1900D03370 /* Constants.swift */ = {isa = PBXFileReference; lastKnownFileType = sourcecode.swift; path = Constants.swift; sourceTree = "<group>"; };
		E1AF28A02A18EE4D00D03370 /* APIManager.swift */ = {isa = PBXFileReference; lastKnownFileType = sourcecode.swift; path = APIManager.swift; sourceTree = "<group>"; };
		E1AF28A32A18EEA600D03370 /* RemoteDataSource.swift */ = {isa = PBXFileReference; lastKnownFileType = sourcecode.swift; path = RemoteDataSource.swift; sourceTree = "<group>"; };
		E1AF28A52A18EF1300D03370 /* Business.swift */ = {isa = PBXFileReference; lastKnownFileType = sourcecode.swift; path = Business.swift; sourceTree = "<group>"; };
		E1AF28A72A18F05500D03370 /* Repository.swift */ = {isa = PBXFileReference; lastKnownFileType = sourcecode.swift; path = Repository.swift; sourceTree = "<group>"; };
		E1AF28A92A18F0A700D03370 /* ListBusinessUseCase.swift */ = {isa = PBXFileReference; lastKnownFileType = sourcecode.swift; path = ListBusinessUseCase.swift; sourceTree = "<group>"; };
		E1AF28AB2A18F10500D03370 /* Injection.swift */ = {isa = PBXFileReference; lastKnownFileType = sourcecode.swift; path = Injection.swift; sourceTree = "<group>"; };
		E1AF28AE2A18F17700D03370 /* ListBusinessViewModel.swift */ = {isa = PBXFileReference; lastKnownFileType = sourcecode.swift; path = ListBusinessViewModel.swift; sourceTree = "<group>"; };
		E1AF28B02A18F45800D03370 /* Collection+Ext.swift */ = {isa = PBXFileReference; lastKnownFileType = sourcecode.swift; path = "Collection+Ext.swift"; sourceTree = "<group>"; };
		E1AF28B22A18F5E900D03370 /* UIImageView+Ext.swift */ = {isa = PBXFileReference; lastKnownFileType = sourcecode.swift; path = "UIImageView+Ext.swift"; sourceTree = "<group>"; };
		E1AF28B42A18F78B00D03370 /* UIViewController.swift */ = {isa = PBXFileReference; lastKnownFileType = sourcecode.swift; path = UIViewController.swift; sourceTree = "<group>"; };
		E1AF28B72A18F79E00D03370 /* Toast.swift */ = {isa = PBXFileReference; lastKnownFileType = sourcecode.swift; path = Toast.swift; sourceTree = "<group>"; };
		E1AF28B92A18F7B000D03370 /* TTGSnackbar.swift */ = {isa = PBXFileReference; lastKnownFileType = sourcecode.swift; path = TTGSnackbar.swift; sourceTree = "<group>"; };
		E1AF28BC2A19190E00D03370 /* UITableView+Ext.swift */ = {isa = PBXFileReference; lastKnownFileType = sourcecode.swift; path = "UITableView+Ext.swift"; sourceTree = "<group>"; };
		E1AF28BE2A19198700D03370 /* UITextField+Ext.swift */ = {isa = PBXFileReference; lastKnownFileType = sourcecode.swift; path = "UITextField+Ext.swift"; sourceTree = "<group>"; };
		E1AF28C12A1923E800D03370 /* SearchBusinessViewController.swift */ = {isa = PBXFileReference; lastKnownFileType = sourcecode.swift; path = SearchBusinessViewController.swift; sourceTree = "<group>"; };
		E1AF28C22A1923E800D03370 /* SearchBusinessViewController.xib */ = {isa = PBXFileReference; lastKnownFileType = file.xib; path = SearchBusinessViewController.xib; sourceTree = "<group>"; };
		E1AF28C52A19257000D03370 /* BusinessTableViewCell.swift */ = {isa = PBXFileReference; lastKnownFileType = sourcecode.swift; path = BusinessTableViewCell.swift; sourceTree = "<group>"; };
		E1AF28C62A19257000D03370 /* BusinessTableViewCell.xib */ = {isa = PBXFileReference; lastKnownFileType = file.xib; path = BusinessTableViewCell.xib; sourceTree = "<group>"; };
		E1AF28CA2A1926C200D03370 /* SearchBusinessViewModel.swift */ = {isa = PBXFileReference; lastKnownFileType = sourcecode.swift; path = SearchBusinessViewModel.swift; sourceTree = "<group>"; };
		E1AF28CC2A19270C00D03370 /* SearchBusinessUseCase.swift */ = {isa = PBXFileReference; lastKnownFileType = sourcecode.swift; path = SearchBusinessUseCase.swift; sourceTree = "<group>"; };
		E1D2D7EE2A1A675F009DE5A0 /* SortListBusinessCollectionViewCell.swift */ = {isa = PBXFileReference; lastKnownFileType = sourcecode.swift; path = SortListBusinessCollectionViewCell.swift; sourceTree = "<group>"; };
		E1D2D7EF2A1A675F009DE5A0 /* SortListBusinessCollectionViewCell.xib */ = {isa = PBXFileReference; lastKnownFileType = file.xib; path = SortListBusinessCollectionViewCell.xib; sourceTree = "<group>"; };
		E1E91DF12A193B1600240B3E /* DetailBusinessViewController.swift */ = {isa = PBXFileReference; lastKnownFileType = sourcecode.swift; path = DetailBusinessViewController.swift; sourceTree = "<group>"; };
		E1E91DF22A193B1600240B3E /* DetailBusinessViewController.xib */ = {isa = PBXFileReference; lastKnownFileType = file.xib; path = DetailBusinessViewController.xib; sourceTree = "<group>"; };
		E1E91DF62A193FAD00240B3E /* PhotoCollectionViewCell.swift */ = {isa = PBXFileReference; lastKnownFileType = sourcecode.swift; path = PhotoCollectionViewCell.swift; sourceTree = "<group>"; };
		E1E91DF72A193FAD00240B3E /* PhotoCollectionViewCell.xib */ = {isa = PBXFileReference; lastKnownFileType = file.xib; path = PhotoCollectionViewCell.xib; sourceTree = "<group>"; };
		E1E91DFA2A193FE200240B3E /* ReviewCollectionViewCell.swift */ = {isa = PBXFileReference; lastKnownFileType = sourcecode.swift; path = ReviewCollectionViewCell.swift; sourceTree = "<group>"; };
		E1E91DFB2A193FE200240B3E /* ReviewCollectionViewCell.xib */ = {isa = PBXFileReference; lastKnownFileType = file.xib; path = ReviewCollectionViewCell.xib; sourceTree = "<group>"; };
		E1E91DFE2A19428900240B3E /* DetailBusinessUseCase.swift */ = {isa = PBXFileReference; lastKnownFileType = sourcecode.swift; path = DetailBusinessUseCase.swift; sourceTree = "<group>"; };
		E1E91E012A19430700240B3E /* DetailBusinessViewModel.swift */ = {isa = PBXFileReference; lastKnownFileType = sourcecode.swift; path = DetailBusinessViewModel.swift; sourceTree = "<group>"; };
/* End PBXFileReference section */

/* Begin PBXFrameworksBuildPhase section */
		E1A249DC2A18A450001C2745 /* Frameworks */ = {
			isa = PBXFrameworksBuildPhase;
			buildActionMask = 2147483647;
			files = (
				E1AF289B2A18EDBE00D03370 /* netfox in Frameworks */,
				E1AF28962A18EDA600D03370 /* RxCocoa in Frameworks */,
				E1AF28932A18ED8F00D03370 /* Kingfisher in Frameworks */,
				E1AF28982A18EDA600D03370 /* RxSwift in Frameworks */,
				E1AF28902A18ED7E00D03370 /* Alamofire in Frameworks */,
			);
			runOnlyForDeploymentPostprocessing = 0;
		};
		E1A249F52A18A455001C2745 /* Frameworks */ = {
			isa = PBXFrameworksBuildPhase;
			buildActionMask = 2147483647;
			files = (
			);
			runOnlyForDeploymentPostprocessing = 0;
		};
		E1A249FF2A18A455001C2745 /* Frameworks */ = {
			isa = PBXFrameworksBuildPhase;
			buildActionMask = 2147483647;
			files = (
			);
			runOnlyForDeploymentPostprocessing = 0;
		};
/* End PBXFrameworksBuildPhase section */

/* Begin PBXGroup section */
		E16AC25A2A1A388D0072C736 /* CustomView */ = {
			isa = PBXGroup;
			children = (
				E16AC25B2A1A38910072C736 /* Reusable */,
			);
			path = CustomView;
			sourceTree = "<group>";
		};
		E16AC25B2A1A38910072C736 /* Reusable */ = {
			isa = PBXGroup;
			children = (
				E16AC25C2A1A38A20072C736 /* ReusableItemDetailImageViewController.swift */,
				E16AC25D2A1A38A20072C736 /* ReusableItemDetailImageViewController.xib */,
			);
			path = Reusable;
			sourceTree = "<group>";
		};
		E16B60F92A18A57400D8E2B9 /* Application */ = {
			isa = PBXGroup;
			children = (
				E1A249E22A18A450001C2745 /* AppDelegate.swift */,
				E1A249E42A18A450001C2745 /* SceneDelegate.swift */,
			);
			path = Application;
			sourceTree = "<group>";
		};
		E16B60FA2A18A68400D8E2B9 /* Supporting Files */ = {
			isa = PBXGroup;
			children = (
				E1A249EE2A18A454001C2745 /* Assets.xcassets */,
			);
			path = "Supporting Files";
			sourceTree = "<group>";
		};
		E1A249D62A18A450001C2745 = {
			isa = PBXGroup;
			children = (
				E1A249E12A18A450001C2745 /* BusinessEnamDua */,
				E1A249FB2A18A455001C2745 /* BusinessEnamDuaTests */,
				E1A24A052A18A455001C2745 /* BusinessEnamDuaUITests */,
				E1A249E02A18A450001C2745 /* Products */,
			);
			sourceTree = "<group>";
		};
		E1A249E02A18A450001C2745 /* Products */ = {
			isa = PBXGroup;
			children = (
				E1A249DF2A18A450001C2745 /* BusinessEnamDua.app */,
				E1A249F82A18A455001C2745 /* BusinessEnamDuaTests.xctest */,
				E1A24A022A18A455001C2745 /* BusinessEnamDuaUITests.xctest */,
			);
			name = Products;
			sourceTree = "<group>";
		};
		E1A249E12A18A450001C2745 /* BusinessEnamDua */ = {
			isa = PBXGroup;
			children = (
				E16B60F92A18A57400D8E2B9 /* Application */,
				E1AF28842A18ED3200D03370 /* Data */,
				E1AF28852A18ED3400D03370 /* Domain */,
				E1A249F32A18A454001C2745 /* Info.plist */,
				E1A249F02A18A454001C2745 /* LaunchScreen.storyboard */,
				E1AF28732A18C5CD00D03370 /* Presentation */,
				E16B60FA2A18A68400D8E2B9 /* Supporting Files */,
				E1AF28782A18E01A00D03370 /* Utilities */,
			);
			path = BusinessEnamDua;
			sourceTree = "<group>";
		};
		E1A249FB2A18A455001C2745 /* BusinessEnamDuaTests */ = {
			isa = PBXGroup;
			children = (
				E1A249FC2A18A455001C2745 /* BusinessEnamDuaTests.swift */,
			);
			path = BusinessEnamDuaTests;
			sourceTree = "<group>";
		};
		E1A24A052A18A455001C2745 /* BusinessEnamDuaUITests */ = {
			isa = PBXGroup;
			children = (
				E1A24A062A18A455001C2745 /* BusinessEnamDuaUITests.swift */,
				E1A24A082A18A455001C2745 /* BusinessEnamDuaUITestsLaunchTests.swift */,
			);
			path = BusinessEnamDuaUITests;
			sourceTree = "<group>";
		};
		E1AF28732A18C5CD00D03370 /* Presentation */ = {
			isa = PBXGroup;
			children = (
				E1E91DF02A193AF800240B3E /* DetailBusiness */,
				E1AF28C02A1923D800D03370 /* Search */,
				E1AF287C2A18E49900D03370 /* ListBusiness */,
			);
			path = Presentation;
			sourceTree = "<group>";
		};
		E1AF28782A18E01A00D03370 /* Utilities */ = {
			isa = PBXGroup;
			children = (
				E16AC25A2A1A388D0072C736 /* CustomView */,
				E1AF28B62A18F79700D03370 /* Library */,
				E1AF28792A18E02000D03370 /* Extensions */,
				E1AF289E2A18EE1900D03370 /* Constants.swift */,
			);
			path = Utilities;
			sourceTree = "<group>";
		};
		E1AF28792A18E02000D03370 /* Extensions */ = {
			isa = PBXGroup;
			children = (
				E1AF287A2A18E03000D03370 /* AppColor+Ext.swift */,
				E1AF28822A18E8C800D03370 /* UIView+Ext.swift */,
				E1AF28B02A18F45800D03370 /* Collection+Ext.swift */,
				E1AF28B22A18F5E900D03370 /* UIImageView+Ext.swift */,
				E1AF28B42A18F78B00D03370 /* UIViewController.swift */,
				E1AF28BC2A19190E00D03370 /* UITableView+Ext.swift */,
				E1AF28BE2A19198700D03370 /* UITextField+Ext.swift */,
			);
			path = Extensions;
			sourceTree = "<group>";
		};
		E1AF287C2A18E49900D03370 /* ListBusiness */ = {
			isa = PBXGroup;
			children = (
				E1AF28AD2A18F16D00D03370 /* ViewModel */,
				E1AF287D2A18E4A000D03370 /* Cell */,
				E1AF28742A18C5DD00D03370 /* ListBusinessViewController.swift */,
				E1AF28752A18C5DD00D03370 /* ListBusinessViewController.xib */,
			);
			path = ListBusiness;
			sourceTree = "<group>";
		};
		E1AF287D2A18E4A000D03370 /* Cell */ = {
			isa = PBXGroup;
			children = (
				E1AF28C52A19257000D03370 /* BusinessTableViewCell.swift */,
				E1AF28C62A19257000D03370 /* BusinessTableViewCell.xib */,
				E1D2D7EE2A1A675F009DE5A0 /* SortListBusinessCollectionViewCell.swift */,
				E1D2D7EF2A1A675F009DE5A0 /* SortListBusinessCollectionViewCell.xib */,
			);
			path = Cell;
			sourceTree = "<group>";
		};
		E1AF28842A18ED3200D03370 /* Data */ = {
			isa = PBXGroup;
			children = (
				E1AF28BB2A19115E00D03370 /* PersistentStorage */,
				E1AF288B2A18ED5300D03370 /* Repository */,
				E1AF288A2A18ED4F00D03370 /* Network */,
				E1AF28892A18ED4B00D03370 /* DI */,
				E1AF28882A18ED3E00D03370 /* DataSource */,
				E1AF288C2A18ED6000D03370 /* BaseViewModel.swift */,
			);
			path = Data;
			sourceTree = "<group>";
		};
		E1AF28852A18ED3400D03370 /* Domain */ = {
			isa = PBXGroup;
			children = (
				E1AF28872A18ED3900D03370 /* UseCase */,
				E1AF28862A18ED3600D03370 /* Entities */,
			);
			path = Domain;
			sourceTree = "<group>";
		};
		E1AF28862A18ED3600D03370 /* Entities */ = {
			isa = PBXGroup;
			children = (
				E1AF28A52A18EF1300D03370 /* Business.swift */,
				E16AC2582A1A1B240072C736 /* Reviews.swift */,
			);
			path = Entities;
			sourceTree = "<group>";
		};
		E1AF28872A18ED3900D03370 /* UseCase */ = {
			isa = PBXGroup;
			children = (
				E1AF28A92A18F0A700D03370 /* ListBusinessUseCase.swift */,
				E1AF28CC2A19270C00D03370 /* SearchBusinessUseCase.swift */,
				E1E91DFE2A19428900240B3E /* DetailBusinessUseCase.swift */,
			);
			path = UseCase;
			sourceTree = "<group>";
		};
		E1AF28882A18ED3E00D03370 /* DataSource */ = {
			isa = PBXGroup;
			children = (
				E1AF28A22A18EE9F00D03370 /* Remote */,
			);
			path = DataSource;
			sourceTree = "<group>";
		};
		E1AF28892A18ED4B00D03370 /* DI */ = {
			isa = PBXGroup;
			children = (
				E1AF28AB2A18F10500D03370 /* Injection.swift */,
			);
			path = DI;
			sourceTree = "<group>";
		};
		E1AF288A2A18ED4F00D03370 /* Network */ = {
			isa = PBXGroup;
			children = (
				E1AF28A02A18EE4D00D03370 /* APIManager.swift */,
			);
			path = Network;
			sourceTree = "<group>";
		};
		E1AF288B2A18ED5300D03370 /* Repository */ = {
			isa = PBXGroup;
			children = (
				E1AF28A72A18F05500D03370 /* Repository.swift */,
			);
			path = Repository;
			sourceTree = "<group>";
		};
		E1AF28A22A18EE9F00D03370 /* Remote */ = {
			isa = PBXGroup;
			children = (
				E1AF28A32A18EEA600D03370 /* RemoteDataSource.swift */,
			);
			path = Remote;
			sourceTree = "<group>";
		};
		E1AF28AD2A18F16D00D03370 /* ViewModel */ = {
			isa = PBXGroup;
			children = (
				E1AF28AE2A18F17700D03370 /* ListBusinessViewModel.swift */,
			);
			path = ViewModel;
			sourceTree = "<group>";
		};
		E1AF28B62A18F79700D03370 /* Library */ = {
			isa = PBXGroup;
			children = (
				E1AF28B72A18F79E00D03370 /* Toast.swift */,
				E1AF28B92A18F7B000D03370 /* TTGSnackbar.swift */,
				E16AC2562A1A115B0072C736 /* CenteredCollectionViewFlowLayout.swift */,
			);
			path = Library;
			sourceTree = "<group>";
		};
		E1AF28BB2A19115E00D03370 /* PersistentStorage */ = {
			isa = PBXGroup;
			children = (
				E1A249EB2A18A450001C2745 /* BusinessEnamDua.xcdatamodeld */,
			);
			path = PersistentStorage;
			sourceTree = "<group>";
		};
		E1AF28C02A1923D800D03370 /* Search */ = {
			isa = PBXGroup;
			children = (
				E1AF28C92A1926B500D03370 /* ViewModel */,
				E1AF28C12A1923E800D03370 /* SearchBusinessViewController.swift */,
				E1AF28C22A1923E800D03370 /* SearchBusinessViewController.xib */,
			);
			path = Search;
			sourceTree = "<group>";
		};
		E1AF28C92A1926B500D03370 /* ViewModel */ = {
			isa = PBXGroup;
			children = (
				E1AF28CA2A1926C200D03370 /* SearchBusinessViewModel.swift */,
			);
			path = ViewModel;
			sourceTree = "<group>";
		};
		E1E91DF02A193AF800240B3E /* DetailBusiness */ = {
			isa = PBXGroup;
			children = (
				E1E91E002A1942FC00240B3E /* ViewModel */,
				E1E91DF52A193F9F00240B3E /* Cell */,
				E1E91DF12A193B1600240B3E /* DetailBusinessViewController.swift */,
				E1E91DF22A193B1600240B3E /* DetailBusinessViewController.xib */,
			);
			path = DetailBusiness;
			sourceTree = "<group>";
		};
		E1E91DF52A193F9F00240B3E /* Cell */ = {
			isa = PBXGroup;
			children = (
				E1E91DF62A193FAD00240B3E /* PhotoCollectionViewCell.swift */,
				E1E91DF72A193FAD00240B3E /* PhotoCollectionViewCell.xib */,
				E1E91DFA2A193FE200240B3E /* ReviewCollectionViewCell.swift */,
				E1E91DFB2A193FE200240B3E /* ReviewCollectionViewCell.xib */,
			);
			path = Cell;
			sourceTree = "<group>";
		};
		E1E91E002A1942FC00240B3E /* ViewModel */ = {
			isa = PBXGroup;
			children = (
				E1E91E012A19430700240B3E /* DetailBusinessViewModel.swift */,
			);
			path = ViewModel;
			sourceTree = "<group>";
		};
/* End PBXGroup section */

/* Begin PBXNativeTarget section */
		E1A249DE2A18A450001C2745 /* BusinessEnamDua */ = {
			isa = PBXNativeTarget;
			buildConfigurationList = E1A24A0C2A18A455001C2745 /* Build configuration list for PBXNativeTarget "BusinessEnamDua" */;
			buildPhases = (
				E1A249DB2A18A450001C2745 /* Sources */,
				E1A249DC2A18A450001C2745 /* Frameworks */,
				E1A249DD2A18A450001C2745 /* Resources */,
			);
			buildRules = (
			);
			dependencies = (
			);
			name = BusinessEnamDua;
			packageProductDependencies = (
				E1AF288F2A18ED7E00D03370 /* Alamofire */,
				E1AF28922A18ED8F00D03370 /* Kingfisher */,
				E1AF28952A18EDA600D03370 /* RxCocoa */,
				E1AF28972A18EDA600D03370 /* RxSwift */,
				E1AF289A2A18EDBE00D03370 /* netfox */,
			);
			productName = BusinessEnamDua;
			productReference = E1A249DF2A18A450001C2745 /* BusinessEnamDua.app */;
			productType = "com.apple.product-type.application";
		};
		E1A249F72A18A455001C2745 /* BusinessEnamDuaTests */ = {
			isa = PBXNativeTarget;
			buildConfigurationList = E1A24A0F2A18A455001C2745 /* Build configuration list for PBXNativeTarget "BusinessEnamDuaTests" */;
			buildPhases = (
				E1A249F42A18A455001C2745 /* Sources */,
				E1A249F52A18A455001C2745 /* Frameworks */,
				E1A249F62A18A455001C2745 /* Resources */,
			);
			buildRules = (
			);
			dependencies = (
				E1A249FA2A18A455001C2745 /* PBXTargetDependency */,
			);
			name = BusinessEnamDuaTests;
			productName = BusinessEnamDuaTests;
			productReference = E1A249F82A18A455001C2745 /* BusinessEnamDuaTests.xctest */;
			productType = "com.apple.product-type.bundle.unit-test";
		};
		E1A24A012A18A455001C2745 /* BusinessEnamDuaUITests */ = {
			isa = PBXNativeTarget;
			buildConfigurationList = E1A24A122A18A455001C2745 /* Build configuration list for PBXNativeTarget "BusinessEnamDuaUITests" */;
			buildPhases = (
				E1A249FE2A18A455001C2745 /* Sources */,
				E1A249FF2A18A455001C2745 /* Frameworks */,
				E1A24A002A18A455001C2745 /* Resources */,
			);
			buildRules = (
			);
			dependencies = (
				E1A24A042A18A455001C2745 /* PBXTargetDependency */,
			);
			name = BusinessEnamDuaUITests;
			productName = BusinessEnamDuaUITests;
			productReference = E1A24A022A18A455001C2745 /* BusinessEnamDuaUITests.xctest */;
			productType = "com.apple.product-type.bundle.ui-testing";
		};
/* End PBXNativeTarget section */

/* Begin PBXProject section */
		E1A249D72A18A450001C2745 /* Project object */ = {
			isa = PBXProject;
			attributes = {
				BuildIndependentTargetsInParallel = 1;
				LastSwiftUpdateCheck = 1420;
				LastUpgradeCheck = 1420;
				TargetAttributes = {
					E1A249DE2A18A450001C2745 = {
						CreatedOnToolsVersion = 14.2;
					};
					E1A249F72A18A455001C2745 = {
						CreatedOnToolsVersion = 14.2;
						TestTargetID = E1A249DE2A18A450001C2745;
					};
					E1A24A012A18A455001C2745 = {
						CreatedOnToolsVersion = 14.2;
						TestTargetID = E1A249DE2A18A450001C2745;
					};
				};
			};
			buildConfigurationList = E1A249DA2A18A450001C2745 /* Build configuration list for PBXProject "BusinessEnamDua" */;
			compatibilityVersion = "Xcode 14.0";
			developmentRegion = en;
			hasScannedForEncodings = 0;
			knownRegions = (
				en,
				Base,
			);
			mainGroup = E1A249D62A18A450001C2745;
			packageReferences = (
				E1AF288E2A18ED7E00D03370 /* XCRemoteSwiftPackageReference "Alamofire" */,
				E1AF28912A18ED8E00D03370 /* XCRemoteSwiftPackageReference "Kingfisher" */,
				E1AF28942A18EDA600D03370 /* XCRemoteSwiftPackageReference "RxSwift" */,
				E1AF28992A18EDBE00D03370 /* XCRemoteSwiftPackageReference "netfox" */,
			);
			productRefGroup = E1A249E02A18A450001C2745 /* Products */;
			projectDirPath = "";
			projectRoot = "";
			targets = (
				E1A249DE2A18A450001C2745 /* BusinessEnamDua */,
				E1A249F72A18A455001C2745 /* BusinessEnamDuaTests */,
				E1A24A012A18A455001C2745 /* BusinessEnamDuaUITests */,
			);
		};
/* End PBXProject section */

/* Begin PBXResourcesBuildPhase section */
		E1A249DD2A18A450001C2745 /* Resources */ = {
			isa = PBXResourcesBuildPhase;
			buildActionMask = 2147483647;
			files = (
				E1D2D7F12A1A675F009DE5A0 /* SortListBusinessCollectionViewCell.xib in Resources */,
				E1AF28C82A19257000D03370 /* BusinessTableViewCell.xib in Resources */,
				E1AF28C42A1923E800D03370 /* SearchBusinessViewController.xib in Resources */,
				E1A249F22A18A454001C2745 /* LaunchScreen.storyboard in Resources */,
				E1A249EF2A18A454001C2745 /* Assets.xcassets in Resources */,
				E1E91DF92A193FAD00240B3E /* PhotoCollectionViewCell.xib in Resources */,
				E1E91DF42A193B1600240B3E /* DetailBusinessViewController.xib in Resources */,
				E16AC25F2A1A38A20072C736 /* ReusableItemDetailImageViewController.xib in Resources */,
				E1E91DFD2A193FE200240B3E /* ReviewCollectionViewCell.xib in Resources */,
				E1AF28772A18C5DD00D03370 /* ListBusinessViewController.xib in Resources */,
			);
			runOnlyForDeploymentPostprocessing = 0;
		};
		E1A249F62A18A455001C2745 /* Resources */ = {
			isa = PBXResourcesBuildPhase;
			buildActionMask = 2147483647;
			files = (
			);
			runOnlyForDeploymentPostprocessing = 0;
		};
		E1A24A002A18A455001C2745 /* Resources */ = {
			isa = PBXResourcesBuildPhase;
			buildActionMask = 2147483647;
			files = (
			);
			runOnlyForDeploymentPostprocessing = 0;
		};
/* End PBXResourcesBuildPhase section */

/* Begin PBXSourcesBuildPhase section */
		E1A249DB2A18A450001C2745 /* Sources */ = {
			isa = PBXSourcesBuildPhase;
			buildActionMask = 2147483647;
			files = (
				E1AF28AC2A18F10500D03370 /* Injection.swift in Sources */,
				E1AF28762A18C5DD00D03370 /* ListBusinessViewController.swift in Sources */,
				E1A249E32A18A450001C2745 /* AppDelegate.swift in Sources */,
				E1AF28B52A18F78B00D03370 /* UIViewController.swift in Sources */,
				E1E91DFF2A19428900240B3E /* DetailBusinessUseCase.swift in Sources */,
				E1AF28A42A18EEA600D03370 /* RemoteDataSource.swift in Sources */,
				E1D2D7F02A1A675F009DE5A0 /* SortListBusinessCollectionViewCell.swift in Sources */,
				E1AF28A82A18F05500D03370 /* Repository.swift in Sources */,
				E16AC25E2A1A38A20072C736 /* ReusableItemDetailImageViewController.swift in Sources */,
				E1AF28C32A1923E800D03370 /* SearchBusinessViewController.swift in Sources */,
				E16AC2572A1A115B0072C736 /* CenteredCollectionViewFlowLayout.swift in Sources */,
				E1AF28A12A18EE4D00D03370 /* APIManager.swift in Sources */,
				E1AF28AA2A18F0A700D03370 /* ListBusinessUseCase.swift in Sources */,
				E1A249E52A18A450001C2745 /* SceneDelegate.swift in Sources */,
				E1A249ED2A18A450001C2745 /* BusinessEnamDua.xcdatamodeld in Sources */,
				E1AF28B12A18F45800D03370 /* Collection+Ext.swift in Sources */,
				E1AF28BD2A19190E00D03370 /* UITableView+Ext.swift in Sources */,
				E16AC2592A1A1B240072C736 /* Reviews.swift in Sources */,
				E1AF28832A18E8C800D03370 /* UIView+Ext.swift in Sources */,
				E1AF28AF2A18F17700D03370 /* ListBusinessViewModel.swift in Sources */,
				E1AF28CD2A19270C00D03370 /* SearchBusinessUseCase.swift in Sources */,
				E1E91DF32A193B1600240B3E /* DetailBusinessViewController.swift in Sources */,
				E1AF28B32A18F5E900D03370 /* UIImageView+Ext.swift in Sources */,
				E1AF288D2A18ED6000D03370 /* BaseViewModel.swift in Sources */,
				E1AF28A62A18EF1300D03370 /* Business.swift in Sources */,
				E1AF28B82A18F79E00D03370 /* Toast.swift in Sources */,
				E1AF28C72A19257000D03370 /* BusinessTableViewCell.swift in Sources */,
				E1AF287B2A18E03000D03370 /* AppColor+Ext.swift in Sources */,
				E1E91E022A19430700240B3E /* DetailBusinessViewModel.swift in Sources */,
				E1AF28CB2A1926C200D03370 /* SearchBusinessViewModel.swift in Sources */,
				E1AF28BF2A19198700D03370 /* UITextField+Ext.swift in Sources */,
				E1E91DF82A193FAD00240B3E /* PhotoCollectionViewCell.swift in Sources */,
				E1AF28BA2A18F7B000D03370 /* TTGSnackbar.swift in Sources */,
				E1E91DFC2A193FE200240B3E /* ReviewCollectionViewCell.swift in Sources */,
				E1AF289F2A18EE1900D03370 /* Constants.swift in Sources */,
			);
			runOnlyForDeploymentPostprocessing = 0;
		};
		E1A249F42A18A455001C2745 /* Sources */ = {
			isa = PBXSourcesBuildPhase;
			buildActionMask = 2147483647;
			files = (
				E1A249FD2A18A455001C2745 /* BusinessEnamDuaTests.swift in Sources */,
			);
			runOnlyForDeploymentPostprocessing = 0;
		};
		E1A249FE2A18A455001C2745 /* Sources */ = {
			isa = PBXSourcesBuildPhase;
			buildActionMask = 2147483647;
			files = (
				E1A24A092A18A455001C2745 /* BusinessEnamDuaUITestsLaunchTests.swift in Sources */,
				E1A24A072A18A455001C2745 /* BusinessEnamDuaUITests.swift in Sources */,
			);
			runOnlyForDeploymentPostprocessing = 0;
		};
/* End PBXSourcesBuildPhase section */

/* Begin PBXTargetDependency section */
		E1A249FA2A18A455001C2745 /* PBXTargetDependency */ = {
			isa = PBXTargetDependency;
			target = E1A249DE2A18A450001C2745 /* BusinessEnamDua */;
			targetProxy = E1A249F92A18A455001C2745 /* PBXContainerItemProxy */;
		};
		E1A24A042A18A455001C2745 /* PBXTargetDependency */ = {
			isa = PBXTargetDependency;
			target = E1A249DE2A18A450001C2745 /* BusinessEnamDua */;
			targetProxy = E1A24A032A18A455001C2745 /* PBXContainerItemProxy */;
		};
/* End PBXTargetDependency section */

/* Begin PBXVariantGroup section */
		E1A249F02A18A454001C2745 /* LaunchScreen.storyboard */ = {
			isa = PBXVariantGroup;
			children = (
				E1A249F12A18A454001C2745 /* Base */,
			);
			name = LaunchScreen.storyboard;
			sourceTree = "<group>";
		};
/* End PBXVariantGroup section */

/* Begin XCBuildConfiguration section */
		E1A24A0A2A18A455001C2745 /* Debug */ = {
			isa = XCBuildConfiguration;
			buildSettings = {
				ALWAYS_SEARCH_USER_PATHS = NO;
				CLANG_ANALYZER_NONNULL = YES;
				CLANG_ANALYZER_NUMBER_OBJECT_CONVERSION = YES_AGGRESSIVE;
				CLANG_CXX_LANGUAGE_STANDARD = "gnu++20";
				CLANG_ENABLE_MODULES = YES;
				CLANG_ENABLE_OBJC_ARC = YES;
				CLANG_ENABLE_OBJC_WEAK = YES;
				CLANG_WARN_BLOCK_CAPTURE_AUTORELEASING = YES;
				CLANG_WARN_BOOL_CONVERSION = YES;
				CLANG_WARN_COMMA = YES;
				CLANG_WARN_CONSTANT_CONVERSION = YES;
				CLANG_WARN_DEPRECATED_OBJC_IMPLEMENTATIONS = YES;
				CLANG_WARN_DIRECT_OBJC_ISA_USAGE = YES_ERROR;
				CLANG_WARN_DOCUMENTATION_COMMENTS = YES;
				CLANG_WARN_EMPTY_BODY = YES;
				CLANG_WARN_ENUM_CONVERSION = YES;
				CLANG_WARN_INFINITE_RECURSION = YES;
				CLANG_WARN_INT_CONVERSION = YES;
				CLANG_WARN_NON_LITERAL_NULL_CONVERSION = YES;
				CLANG_WARN_OBJC_IMPLICIT_RETAIN_SELF = YES;
				CLANG_WARN_OBJC_LITERAL_CONVERSION = YES;
				CLANG_WARN_OBJC_ROOT_CLASS = YES_ERROR;
				CLANG_WARN_QUOTED_INCLUDE_IN_FRAMEWORK_HEADER = YES;
				CLANG_WARN_RANGE_LOOP_ANALYSIS = YES;
				CLANG_WARN_STRICT_PROTOTYPES = YES;
				CLANG_WARN_SUSPICIOUS_MOVE = YES;
				CLANG_WARN_UNGUARDED_AVAILABILITY = YES_AGGRESSIVE;
				CLANG_WARN_UNREACHABLE_CODE = YES;
				CLANG_WARN__DUPLICATE_METHOD_MATCH = YES;
				COPY_PHASE_STRIP = NO;
				DEBUG_INFORMATION_FORMAT = dwarf;
				ENABLE_STRICT_OBJC_MSGSEND = YES;
				ENABLE_TESTABILITY = YES;
				GCC_C_LANGUAGE_STANDARD = gnu11;
				GCC_DYNAMIC_NO_PIC = NO;
				GCC_NO_COMMON_BLOCKS = YES;
				GCC_OPTIMIZATION_LEVEL = 0;
				GCC_PREPROCESSOR_DEFINITIONS = (
					"DEBUG=1",
					"$(inherited)",
				);
				GCC_WARN_64_TO_32_BIT_CONVERSION = YES;
				GCC_WARN_ABOUT_RETURN_TYPE = YES_ERROR;
				GCC_WARN_UNDECLARED_SELECTOR = YES;
				GCC_WARN_UNINITIALIZED_AUTOS = YES_AGGRESSIVE;
				GCC_WARN_UNUSED_FUNCTION = YES;
				GCC_WARN_UNUSED_VARIABLE = YES;
				IPHONEOS_DEPLOYMENT_TARGET = 13.0;
				MTL_ENABLE_DEBUG_INFO = INCLUDE_SOURCE;
				MTL_FAST_MATH = YES;
				ONLY_ACTIVE_ARCH = YES;
				SDKROOT = iphoneos;
				SWIFT_ACTIVE_COMPILATION_CONDITIONS = DEBUG;
				SWIFT_OPTIMIZATION_LEVEL = "-Onone";
			};
			name = Debug;
		};
		E1A24A0B2A18A455001C2745 /* Release */ = {
			isa = XCBuildConfiguration;
			buildSettings = {
				ALWAYS_SEARCH_USER_PATHS = NO;
				CLANG_ANALYZER_NONNULL = YES;
				CLANG_ANALYZER_NUMBER_OBJECT_CONVERSION = YES_AGGRESSIVE;
				CLANG_CXX_LANGUAGE_STANDARD = "gnu++20";
				CLANG_ENABLE_MODULES = YES;
				CLANG_ENABLE_OBJC_ARC = YES;
				CLANG_ENABLE_OBJC_WEAK = YES;
				CLANG_WARN_BLOCK_CAPTURE_AUTORELEASING = YES;
				CLANG_WARN_BOOL_CONVERSION = YES;
				CLANG_WARN_COMMA = YES;
				CLANG_WARN_CONSTANT_CONVERSION = YES;
				CLANG_WARN_DEPRECATED_OBJC_IMPLEMENTATIONS = YES;
				CLANG_WARN_DIRECT_OBJC_ISA_USAGE = YES_ERROR;
				CLANG_WARN_DOCUMENTATION_COMMENTS = YES;
				CLANG_WARN_EMPTY_BODY = YES;
				CLANG_WARN_ENUM_CONVERSION = YES;
				CLANG_WARN_INFINITE_RECURSION = YES;
				CLANG_WARN_INT_CONVERSION = YES;
				CLANG_WARN_NON_LITERAL_NULL_CONVERSION = YES;
				CLANG_WARN_OBJC_IMPLICIT_RETAIN_SELF = YES;
				CLANG_WARN_OBJC_LITERAL_CONVERSION = YES;
				CLANG_WARN_OBJC_ROOT_CLASS = YES_ERROR;
				CLANG_WARN_QUOTED_INCLUDE_IN_FRAMEWORK_HEADER = YES;
				CLANG_WARN_RANGE_LOOP_ANALYSIS = YES;
				CLANG_WARN_STRICT_PROTOTYPES = YES;
				CLANG_WARN_SUSPICIOUS_MOVE = YES;
				CLANG_WARN_UNGUARDED_AVAILABILITY = YES_AGGRESSIVE;
				CLANG_WARN_UNREACHABLE_CODE = YES;
				CLANG_WARN__DUPLICATE_METHOD_MATCH = YES;
				COPY_PHASE_STRIP = NO;
				DEBUG_INFORMATION_FORMAT = "dwarf-with-dsym";
				ENABLE_NS_ASSERTIONS = NO;
				ENABLE_STRICT_OBJC_MSGSEND = YES;
				GCC_C_LANGUAGE_STANDARD = gnu11;
				GCC_NO_COMMON_BLOCKS = YES;
				GCC_WARN_64_TO_32_BIT_CONVERSION = YES;
				GCC_WARN_ABOUT_RETURN_TYPE = YES_ERROR;
				GCC_WARN_UNDECLARED_SELECTOR = YES;
				GCC_WARN_UNINITIALIZED_AUTOS = YES_AGGRESSIVE;
				GCC_WARN_UNUSED_FUNCTION = YES;
				GCC_WARN_UNUSED_VARIABLE = YES;
				IPHONEOS_DEPLOYMENT_TARGET = 13.0;
				MTL_ENABLE_DEBUG_INFO = NO;
				MTL_FAST_MATH = YES;
				SDKROOT = iphoneos;
				SWIFT_COMPILATION_MODE = wholemodule;
				SWIFT_OPTIMIZATION_LEVEL = "-O";
				VALIDATE_PRODUCT = YES;
			};
			name = Release;
		};
		E1A24A0D2A18A455001C2745 /* Debug */ = {
			isa = XCBuildConfiguration;
			buildSettings = {
				ASSETCATALOG_COMPILER_APPICON_NAME = AppIcon;
				ASSETCATALOG_COMPILER_GLOBAL_ACCENT_COLOR_NAME = AccentColor;
				CODE_SIGN_STYLE = Automatic;
				CURRENT_PROJECT_VERSION = 1;
				DEVELOPMENT_TEAM = Q3UF58D23J;
				GENERATE_INFOPLIST_FILE = YES;
				INFOPLIST_FILE = BusinessEnamDua/Info.plist;
				INFOPLIST_KEY_CFBundleDisplayName = "Business Enam Dua";
				INFOPLIST_KEY_LSApplicationCategoryType = "public.app-category.business";
				INFOPLIST_KEY_UIApplicationSupportsIndirectInputEvents = YES;
				INFOPLIST_KEY_UILaunchStoryboardName = LaunchScreen;
				INFOPLIST_KEY_UIStatusBarHidden = NO;
				INFOPLIST_KEY_UISupportedInterfaceOrientations = UIInterfaceOrientationPortrait;
				INFOPLIST_KEY_UISupportedInterfaceOrientations_iPad = "UIInterfaceOrientationLandscapeLeft UIInterfaceOrientationLandscapeRight UIInterfaceOrientationPortrait UIInterfaceOrientationPortraitUpsideDown";
				INFOPLIST_KEY_UIUserInterfaceStyle = Light;
				IPHONEOS_DEPLOYMENT_TARGET = 13.0;
				LD_RUNPATH_SEARCH_PATHS = (
					"$(inherited)",
					"@executable_path/Frameworks",
				);
				MARKETING_VERSION = 1.0;
				PRODUCT_BUNDLE_IDENTIFIER = com.yxgg.BusinessEnamDua;
				PRODUCT_NAME = "$(TARGET_NAME)";
				SUPPORTED_PLATFORMS = "iphoneos iphonesimulator";
				SUPPORTS_MACCATALYST = NO;
				SUPPORTS_MAC_DESIGNED_FOR_IPHONE_IPAD = YES;
				SWIFT_EMIT_LOC_STRINGS = YES;
				SWIFT_VERSION = 5.0;
				TARGETED_DEVICE_FAMILY = 1;
			};
			name = Debug;
		};
		E1A24A0E2A18A455001C2745 /* Release */ = {
			isa = XCBuildConfiguration;
			buildSettings = {
				ASSETCATALOG_COMPILER_APPICON_NAME = AppIcon;
				ASSETCATALOG_COMPILER_GLOBAL_ACCENT_COLOR_NAME = AccentColor;
				CODE_SIGN_STYLE = Automatic;
				CURRENT_PROJECT_VERSION = 1;
				DEVELOPMENT_TEAM = Q3UF58D23J;
				GENERATE_INFOPLIST_FILE = YES;
				INFOPLIST_FILE = BusinessEnamDua/Info.plist;
				INFOPLIST_KEY_CFBundleDisplayName = "Business Enam Dua";
				INFOPLIST_KEY_LSApplicationCategoryType = "public.app-category.business";
				INFOPLIST_KEY_UIApplicationSupportsIndirectInputEvents = YES;
				INFOPLIST_KEY_UILaunchStoryboardName = LaunchScreen;
				INFOPLIST_KEY_UIStatusBarHidden = NO;
				INFOPLIST_KEY_UISupportedInterfaceOrientations = UIInterfaceOrientationPortrait;
				INFOPLIST_KEY_UISupportedInterfaceOrientations_iPad = "UIInterfaceOrientationLandscapeLeft UIInterfaceOrientationLandscapeRight UIInterfaceOrientationPortrait UIInterfaceOrientationPortraitUpsideDown";
				INFOPLIST_KEY_UIUserInterfaceStyle = Light;
				IPHONEOS_DEPLOYMENT_TARGET = 13.0;
				LD_RUNPATH_SEARCH_PATHS = (
					"$(inherited)",
					"@executable_path/Frameworks",
				);
				MARKETING_VERSION = 1.0;
				PRODUCT_BUNDLE_IDENTIFIER = com.yxgg.BusinessEnamDua;
				PRODUCT_NAME = "$(TARGET_NAME)";
				SUPPORTED_PLATFORMS = "iphoneos iphonesimulator";
				SUPPORTS_MACCATALYST = NO;
				SUPPORTS_MAC_DESIGNED_FOR_IPHONE_IPAD = YES;
				SWIFT_EMIT_LOC_STRINGS = YES;
				SWIFT_VERSION = 5.0;
				TARGETED_DEVICE_FAMILY = 1;
			};
			name = Release;
		};
		E1A24A102A18A455001C2745 /* Debug */ = {
			isa = XCBuildConfiguration;
			buildSettings = {
				ALWAYS_EMBED_SWIFT_STANDARD_LIBRARIES = YES;
				BUNDLE_LOADER = "$(TEST_HOST)";
				CODE_SIGN_STYLE = Automatic;
				CURRENT_PROJECT_VERSION = 1;
				DEVELOPMENT_TEAM = Q3UF58D23J;
				GENERATE_INFOPLIST_FILE = YES;
				IPHONEOS_DEPLOYMENT_TARGET = 16.2;
				MARKETING_VERSION = 1.0;
				PRODUCT_BUNDLE_IDENTIFIER = com.yxgg.BusinessEnamDuaTests;
				PRODUCT_NAME = "$(TARGET_NAME)";
				SWIFT_EMIT_LOC_STRINGS = NO;
				SWIFT_VERSION = 5.0;
				TARGETED_DEVICE_FAMILY = "1,2";
				TEST_HOST = "$(BUILT_PRODUCTS_DIR)/BusinessEnamDua.app/$(BUNDLE_EXECUTABLE_FOLDER_PATH)/BusinessEnamDua";
			};
			name = Debug;
		};
		E1A24A112A18A455001C2745 /* Release */ = {
			isa = XCBuildConfiguration;
			buildSettings = {
				ALWAYS_EMBED_SWIFT_STANDARD_LIBRARIES = YES;
				BUNDLE_LOADER = "$(TEST_HOST)";
				CODE_SIGN_STYLE = Automatic;
				CURRENT_PROJECT_VERSION = 1;
				DEVELOPMENT_TEAM = Q3UF58D23J;
				GENERATE_INFOPLIST_FILE = YES;
				IPHONEOS_DEPLOYMENT_TARGET = 16.2;
				MARKETING_VERSION = 1.0;
				PRODUCT_BUNDLE_IDENTIFIER = com.yxgg.BusinessEnamDuaTests;
				PRODUCT_NAME = "$(TARGET_NAME)";
				SWIFT_EMIT_LOC_STRINGS = NO;
				SWIFT_VERSION = 5.0;
				TARGETED_DEVICE_FAMILY = "1,2";
				TEST_HOST = "$(BUILT_PRODUCTS_DIR)/BusinessEnamDua.app/$(BUNDLE_EXECUTABLE_FOLDER_PATH)/BusinessEnamDua";
			};
			name = Release;
		};
		E1A24A132A18A455001C2745 /* Debug */ = {
			isa = XCBuildConfiguration;
			buildSettings = {
				ALWAYS_EMBED_SWIFT_STANDARD_LIBRARIES = YES;
				CODE_SIGN_STYLE = Automatic;
				CURRENT_PROJECT_VERSION = 1;
				DEVELOPMENT_TEAM = Q3UF58D23J;
				GENERATE_INFOPLIST_FILE = YES;
				MARKETING_VERSION = 1.0;
				PRODUCT_BUNDLE_IDENTIFIER = com.yxgg.BusinessEnamDuaUITests;
				PRODUCT_NAME = "$(TARGET_NAME)";
				SWIFT_EMIT_LOC_STRINGS = NO;
				SWIFT_VERSION = 5.0;
				TARGETED_DEVICE_FAMILY = "1,2";
				TEST_TARGET_NAME = BusinessEnamDua;
			};
			name = Debug;
		};
		E1A24A142A18A455001C2745 /* Release */ = {
			isa = XCBuildConfiguration;
			buildSettings = {
				ALWAYS_EMBED_SWIFT_STANDARD_LIBRARIES = YES;
				CODE_SIGN_STYLE = Automatic;
				CURRENT_PROJECT_VERSION = 1;
				DEVELOPMENT_TEAM = Q3UF58D23J;
				GENERATE_INFOPLIST_FILE = YES;
				MARKETING_VERSION = 1.0;
				PRODUCT_BUNDLE_IDENTIFIER = com.yxgg.BusinessEnamDuaUITests;
				PRODUCT_NAME = "$(TARGET_NAME)";
				SWIFT_EMIT_LOC_STRINGS = NO;
				SWIFT_VERSION = 5.0;
				TARGETED_DEVICE_FAMILY = "1,2";
				TEST_TARGET_NAME = BusinessEnamDua;
			};
			name = Release;
		};
/* End XCBuildConfiguration section */

/* Begin XCConfigurationList section */
		E1A249DA2A18A450001C2745 /* Build configuration list for PBXProject "BusinessEnamDua" */ = {
			isa = XCConfigurationList;
			buildConfigurations = (
				E1A24A0A2A18A455001C2745 /* Debug */,
				E1A24A0B2A18A455001C2745 /* Release */,
			);
			defaultConfigurationIsVisible = 0;
			defaultConfigurationName = Release;
		};
		E1A24A0C2A18A455001C2745 /* Build configuration list for PBXNativeTarget "BusinessEnamDua" */ = {
			isa = XCConfigurationList;
			buildConfigurations = (
				E1A24A0D2A18A455001C2745 /* Debug */,
				E1A24A0E2A18A455001C2745 /* Release */,
			);
			defaultConfigurationIsVisible = 0;
			defaultConfigurationName = Release;
		};
		E1A24A0F2A18A455001C2745 /* Build configuration list for PBXNativeTarget "BusinessEnamDuaTests" */ = {
			isa = XCConfigurationList;
			buildConfigurations = (
				E1A24A102A18A455001C2745 /* Debug */,
				E1A24A112A18A455001C2745 /* Release */,
			);
			defaultConfigurationIsVisible = 0;
			defaultConfigurationName = Release;
		};
		E1A24A122A18A455001C2745 /* Build configuration list for PBXNativeTarget "BusinessEnamDuaUITests" */ = {
			isa = XCConfigurationList;
			buildConfigurations = (
				E1A24A132A18A455001C2745 /* Debug */,
				E1A24A142A18A455001C2745 /* Release */,
			);
			defaultConfigurationIsVisible = 0;
			defaultConfigurationName = Release;
		};
/* End XCConfigurationList section */

/* Begin XCRemoteSwiftPackageReference section */
		E1AF288E2A18ED7E00D03370 /* XCRemoteSwiftPackageReference "Alamofire" */ = {
			isa = XCRemoteSwiftPackageReference;
			repositoryURL = "https://github.com/Alamofire/Alamofire";
			requirement = {
				kind = upToNextMajorVersion;
				minimumVersion = 5.0.0;
			};
		};
		E1AF28912A18ED8E00D03370 /* XCRemoteSwiftPackageReference "Kingfisher" */ = {
			isa = XCRemoteSwiftPackageReference;
			repositoryURL = "https://github.com/onevcat/Kingfisher";
			requirement = {
				kind = upToNextMajorVersion;
				minimumVersion = 7.0.0;
			};
		};
		E1AF28942A18EDA600D03370 /* XCRemoteSwiftPackageReference "RxSwift" */ = {
			isa = XCRemoteSwiftPackageReference;
			repositoryURL = "https://github.com/ReactiveX/RxSwift";
			requirement = {
				kind = upToNextMajorVersion;
				minimumVersion = 6.0.0;
			};
		};
		E1AF28992A18EDBE00D03370 /* XCRemoteSwiftPackageReference "netfox" */ = {
			isa = XCRemoteSwiftPackageReference;
			repositoryURL = "https://github.com/kasketis/netfox";
			requirement = {
				kind = upToNextMajorVersion;
				minimumVersion = 1.0.0;
			};
		};
/* End XCRemoteSwiftPackageReference section */

/* Begin XCSwiftPackageProductDependency section */
		E1AF288F2A18ED7E00D03370 /* Alamofire */ = {
			isa = XCSwiftPackageProductDependency;
			package = E1AF288E2A18ED7E00D03370 /* XCRemoteSwiftPackageReference "Alamofire" */;
			productName = Alamofire;
		};
		E1AF28922A18ED8F00D03370 /* Kingfisher */ = {
			isa = XCSwiftPackageProductDependency;
			package = E1AF28912A18ED8E00D03370 /* XCRemoteSwiftPackageReference "Kingfisher" */;
			productName = Kingfisher;
		};
		E1AF28952A18EDA600D03370 /* RxCocoa */ = {
			isa = XCSwiftPackageProductDependency;
			package = E1AF28942A18EDA600D03370 /* XCRemoteSwiftPackageReference "RxSwift" */;
			productName = RxCocoa;
		};
		E1AF28972A18EDA600D03370 /* RxSwift */ = {
			isa = XCSwiftPackageProductDependency;
			package = E1AF28942A18EDA600D03370 /* XCRemoteSwiftPackageReference "RxSwift" */;
			productName = RxSwift;
		};
		E1AF289A2A18EDBE00D03370 /* netfox */ = {
			isa = XCSwiftPackageProductDependency;
			package = E1AF28992A18EDBE00D03370 /* XCRemoteSwiftPackageReference "netfox" */;
			productName = netfox;
		};
/* End XCSwiftPackageProductDependency section */

/* Begin XCVersionGroup section */
		E1A249EB2A18A450001C2745 /* BusinessEnamDua.xcdatamodeld */ = {
			isa = XCVersionGroup;
			children = (
				E1A249EC2A18A450001C2745 /* BusinessEnamDua.xcdatamodel */,
			);
			currentVersion = E1A249EC2A18A450001C2745 /* BusinessEnamDua.xcdatamodel */;
			path = BusinessEnamDua.xcdatamodeld;
			sourceTree = "<group>";
			versionGroupType = wrapper.xcdatamodel;
		};
/* End XCVersionGroup section */
	};
	rootObject = E1A249D72A18A450001C2745 /* Project object */;
}
